
Microsoft Visual Studio Solution File, Format Version 12.00
# Visual Studio Version 16
VisualStudioVersion = 16.0.30011.22
MinimumVisualStudioVersion = 10.0.40219.1
Project("{FAE04EC0-301F-11D3-BF4B-00C04F79EFBC}") = "cels_far_kel", "cels_far_kel\cels_far_kel.csproj", "{DEEBC81C-339E-47E9-9437-1BC8091D7470}"
EndProject
Global
	GlobalSection(SolutionConfigurationPlatforms) = preSolution
		Debug|Any CPU = Debug|Any CPU
		Release|Any CPU = Release|Any CPU
	EndGlobalSection
	GlobalSection(ProjectConfigurationPlatforms) = postSolution
		{DEEBC81C-339E-47E9-9437-1BC8091D7470}.Debug|Any CPU.ActiveCfg = Debug|Any CPU
		{DEEBC81C-339E-47E9-9437-1BC8091D7470}.Debug|Any CPU.Build.0 = Debug|Any CPU
		{DEEBC81C-339E-47E9-9437-1BC8091D7470}.Release|Any CPU.ActiveCfg = Release|Any CPU
		{DEEBC81C-339E-47E9-9437-1BC8091D7470}.Release|Any CPU.Build.0 = Release|Any CPU
	EndGlobalSection
	GlobalSection(SolutionProperties) = preSolution
		HideSolutionNode = FALSE
	EndGlobalSection
	GlobalSection(ExtensibilityGlobals) = postSolution
		SolutionGuid = {00662B5B-42ED-4980-905E-39CF11A42446}
	EndGlobalSection
EndGlobal
